{
  "requires": true,
  "lockfileVersion": 1,
  "dependencies": {
    "@shopify/draggable": {
      "version": "1.0.0-beta.8",
      "resolved": "https://registry.npmjs.org/@shopify/draggable/-/draggable-1.0.0-beta.8.tgz",
      "integrity": "sha512-9IeBPQM93Ad4qFKUopwuTClzoST/1OId4MaSd/8FB5ScCL2tl25UaOGNR8E2hjiL7xK4LN5+I1Ews6amS7YAiA=="
    },
    "@types/chart.js": {
      "version": "2.9.37",
      "resolved": "https://registry.npmjs.org/@types/chart.js/-/chart.js-2.9.37.tgz",
      "integrity": "sha512-9bosRfHhkXxKYfrw94EmyDQcdjMaQPkU1fH2tDxu8DWXxf1mjzWQAV4laJF51ZbC2ycYwNDvIm1rGez8Bug0vg==",
      "dev": true,
      "requires": {
        "moment": "^2.10.2"
      }
    },
    "bootstrap-icons": {
      "version": "1.8.1",
      "resolved": "https://registry.npmjs.org/bootstrap-icons/-/bootstrap-icons-1.8.1.tgz",
      "integrity": "sha512-IXUqislddPJfwq6H+2nTkHyr9epO9h6u1AG0OZCx616w+TgzeoCjfmI3qJMQqt1J586gN2IxzB4M99Ip4sTZ1w=="
    },
    "chart.js": {
      "version": "3.8.0",
      "resolved": "https://registry.npmjs.org/chart.js/-/chart.js-3.8.0.tgz",
      "integrity": "sha512-cr8xhrXjLIXVLOBZPkBZVF6NDeiVIrPLHcMhnON7UufudL+CNeRrD+wpYanswlm8NpudMdrt3CHoLMQMxJhHRg=="
    },
    "chart.js-plugin-labels-dv": {
      "version": "3.1.0",
      "resolved": "https://registry.npmjs.org/chart.js-plugin-labels-dv/-/chart.js-plugin-labels-dv-3.1.0.tgz",
      "integrity": "sha512-Ru75DLn0XCkL5LYQcEScXuQ9Tqppv3ind85+8aIF4j6K3/GhiwiufiuBQf8s6eK9R+7XhjFU4MNm8n5FJjz+Wg=="
    },
    "chartjs-plugin-datalabels": {
      "version": "2.0.0",
      "resolved": "https://registry.npmjs.org/chartjs-plugin-datalabels/-/chartjs-plugin-datalabels-2.0.0.tgz",
      "integrity": "sha512-WBsWihphzM0Y8fmQVm89+iy99mmgejmj5/jcsYqwxSioLRL/zqJ4Scv/eXq5ZqvG3TpojlGzZLeaOaSvDm7fwA=="
    },
    "material-icons": {
      "version": "1.10.8",
      "resolved": "https://registry.npmjs.org/material-icons/-/material-icons-1.10.8.tgz",
      "integrity": "sha512-CbtQXCmC9MXIIkz/0CmEfxELosxKxLegrjoa0mxM0zPA+GgAuhnWX6ITo/5oON/JFaCi/bh4MydEUNu0erbaxw=="
    },
    "moment": {
      "version": "2.29.3",
      "resolved": "https://registry.npmjs.org/moment/-/moment-2.29.3.tgz",
      "integrity": "sha512-c6YRvhEo//6T2Jz/vVtYzqBzwvPT95JBQ+smCytzf7c50oMZRsR/a4w88aD34I+/QVSfnoAnSBFPJHItlOMJVw==",
      "dev": true
    },
    "yarn": {
      "version": "1.22.18",
      "resolved": "https://registry.npmjs.org/yarn/-/yarn-1.22.18.tgz",
      "integrity": "sha512-oFffv6Jp2+BTUBItzx1Z0dpikTX+raRdqupfqzeMKnoh7WD6RuPAxcqDkMUy9vafJkrB0YaV708znpuMhEBKGQ=="
    }
  }
}
